{
  "nodes": {
    "fuzzers": {
      "inputs": {
        "nixpkgs": "nixpkgs",
        "rlottie": "rlottie"
      },
      "locked": {
        "narHash": "sha256-L9vmuTf1PEEPxEMcv7sozdFUFchSy0HcFtLHyyP6WB0=",
        "path": "./fuzzers",
        "type": "path"
      },
      "original": {
        "path": "./fuzzers",
        "type": "path"
      }
    },
    "nixpkgs": {
      "locked": {
        "lastModified": 1639966735,
        "narHash": "sha256-FmVGFiyqE+pjQUTCTY0H75hqrnBnbEf3VVRB4dsd4KI=",
        "owner": "NixOS",
        "repo": "nixpkgs",
        "rev": "d87b72206aadebe6722944f541f55d33fd7046fb",
        "type": "github"
      },
      "original": {
        "id": "nixpkgs",
        "type": "indirect"
      }
    },
    "nixpkgs_2": {
      "locked": {
        "lastModified": 1639966735,
        "narHash": "sha256-FmVGFiyqE+pjQUTCTY0H75hqrnBnbEf3VVRB4dsd4KI=",
        "owner": "NixOS",
        "repo": "nixpkgs",
        "rev": "d87b72206aadebe6722944f541f55d33fd7046fb",
        "type": "github"
      },
      "original": {
        "id": "nixpkgs",
        "type": "indirect"
      }
    },
    "nixpkgs_3": {
      "locked": {
        "lastModified": 1639966735,
        "narHash": "sha256-FmVGFiyqE+pjQUTCTY0H75hqrnBnbEf3VVRB4dsd4KI=",
        "owner": "NixOS",
        "repo": "nixpkgs",
        "rev": "d87b72206aadebe6722944f541f55d33fd7046fb",
        "type": "github"
      },
      "original": {
        "id": "nixpkgs",
        "type": "indirect"
      }
    },
    "rlottie": {
      "inputs": {
        "nixpkgs": "nixpkgs_2"
      },
      "locked": {
        "narHash": "sha256-J9y3Pxrrp3TzH0nBeYpGQpvL9eQ9rytRb8ycxigXTFo=",
        "path": "./rlottie",
        "type": "path"
      },
      "original": {
        "path": "./rlottie",
        "type": "path"
      }
    },
    "root": {
      "inputs": {
        "fuzzers": "fuzzers",
        "nixpkgs": "nixpkgs_3"
      }
    }
  },
  "root": "root",
  "version": 7
}
